{
  "requires": true,
  "lockfileVersion": 1,
  "dependencies": {
    "@browser-logos/brave": {
      "version": "3.0.13",
      "resolved": "https://registry.npmjs.org/@browser-logos/brave/-/brave-3.0.13.tgz",
      "integrity": "sha512-Dvd3INXrmtenzdDRl0QFL5UFiK+Rg/225dYzMevczfTdNBzuA5Z6w8OO8btTrQ7BLez6zl9JaicNhVakusKqsg=="
    },
    "@browser-logos/chrome": {
      "version": "1.0.18",
      "resolved": "https://registry.npmjs.org/@browser-logos/chrome/-/chrome-1.0.18.tgz",
      "integrity": "sha512-pr1/ULC2F2/Wvhf/1d3gGTgP4zYAOwHHxcEUUXEIWoYjoiH6X8ly37HRdp/uoilY4OMY45uRBDdJ+8yzh5w6rw=="
    },
    "@browser-logos/edge": {
      "version": "2.0.5",
      "resolved": "https://registry.npmjs.org/@browser-logos/edge/-/edge-2.0.5.tgz",
      "integrity": "sha512-5eEA9FQw8wxLruWSygbwadtYhvr9RS3nZI7M6tSxIoxcMgpDZ4npbkDCJ5+QXYuCriQAsKeQKX+tW6u2wWJMvg=="
    },
    "@browser-logos/firefox": {
      "version": "3.0.9",
      "resolved": "https://registry.npmjs.org/@browser-logos/firefox/-/firefox-3.0.9.tgz",
      "integrity": "sha512-meqjnDFsUz0XLqMvda2ymr9FIUo+fdGQzwXkOGbgvPi9A9ZHhJewRWAlhsv7TKVG2g9gUgiITEn5bfrorp6BoQ==",
      "dev": true
    },
    "@browser-logos/opera": {
      "version": "1.1.11",
      "resolved": "https://registry.npmjs.org/@browser-logos/opera/-/opera-1.1.11.tgz",
      "integrity": "sha512-vfQvWhLf7iGuHRe+8l9NjWp1U9DTucoaOlN1Dmwll5UCcjcMzKV1GkxNsCPuojHecqXqtJBHgE0LmXncgheqQA=="
    }
  }
}
